Microsoft Visual Studio Solution File, Format Version 12.00
# Visual Studio Version 17
VisualStudioVersion = 17.5.2.0
MinimumVisualStudioVersion = 10.0.40219.1
Project("{FAE04EC0-301F-11D3-BF4B-00C04F79EFBC}") = "MyOrg.${{ values.projectName }}", "MyOrg.${{ values.projectName }}\MyOrg.${{ values.projectName }}.csproj", "{69151E85-B322-C838-AE4F-0D5A54F4173C}"
EndProject
Global
	GlobalSection(SolutionConfigurationPlatforms) = preSolution
		Debug|Any CPU = Debug|Any CPU
		Release|Any CPU = Release|Any CPU
	EndGlobalSection
	GlobalSection(ProjectConfigurationPlatforms) = postSolution
		{69151E85-B322-C838-AE4F-0D5A54F4173C}.Debug|Any CPU.ActiveCfg = Debug|Any CPU
		{69151E85-B322-C838-AE4F-0D5A54F4173C}.Debug|Any CPU.Build.0 = Debug|Any CPU
		{69151E85-B322-C838-AE4F-0D5A54F4173C}.Release|Any CPU.ActiveCfg = Release|Any CPU
		{69151E85-B322-C838-AE4F-0D5A54F4173C}.Release|Any CPU.Build.0 = Release|Any CPU
	EndGlobalSection
	GlobalSection(SolutionProperties) = preSolution
		HideSolutionNode = FALSE
	EndGlobalSection
	GlobalSection(ExtensibilityGlobals) = postSolution
		SolutionGuid = {D22C698F-5419-4DD6-9006-12BA9409DDC5}
	EndGlobalSection
EndGlobal
